lockfileVersion: 5.4

importers:

  .:
    specifiers: {}

  packages/f:
    specifiers:
      '@reduxjs/toolkit': ^1.8.0
    dependencies:
      '@reduxjs/toolkit': 1.8.3

  packages/g:
    specifiers:
      '@kenrick95/external-depend-on-internal-dep': ^1.0.0
    dependencies:
      '@kenrick95/external-depend-on-internal-dep': 1.0.0

packages:

  /@babel/runtime/7.18.6:
    resolution: {integrity: sha512-t9wi7/AW6XtKahAe20Yw0/mMljKq0B1r2fPdvaAdV/KPDZewFXdaaa6K7lxmZBZ8FBNpCiAT6iHPmd6QO9bKfQ==}
    engines: {node: '>=6.9.0'}
    dependencies:
      regenerator-runtime: 0.13.9
    dev: false

  /@kenrick95/external-depend-on-internal-dep/1.0.0:
    resolution: {integrity: sha512-r7XGZxVJ+Ixq1m5aljeyXtvBK94k9mXw0R9mxHhtmEznVCOiu/vAwO5csUvr8FKtIJrm3r+9PHnIgaDJt8YQOA==}
    dependencies:
      '@kenrick95/internal-f': link:packages/f
    dev: false

  /@reduxjs/toolkit/1.8.3:
    resolution: {integrity: sha512-lU/LDIfORmjBbyDLaqFN2JB9YmAT1BElET9y0ZszwhSBa5Ef3t6o5CrHupw5J1iOXwd+o92QfQZ8OJpwXvsssg==}
    peerDependencies:
      react: ^16.9.0 || ^17.0.0 || ^18
      react-redux: ^7.2.1 || ^8.0.2
    peerDependenciesMeta:
      react:
        optional: true
      react-redux:
        optional: true
    dependencies:
      immer: 9.0.15
      redux: 4.2.0
      redux-thunk: 2.4.1_redux@4.2.0
      reselect: 4.1.6
    dev: false

  /immer/9.0.15:
    resolution: {integrity: sha512-2eB/sswms9AEUSkOm4SbV5Y7Vmt/bKRwByd52jfLkW4OLYeaTP3EEiJ9agqU0O/tq6Dk62Zfj+TJSqfm1rLVGQ==}
    dev: false

  /redux-thunk/2.4.1_redux@4.2.0:
    resolution: {integrity: sha512-OOYGNY5Jy2TWvTL1KgAlVy6dcx3siPJ1wTq741EPyUKfn6W6nChdICjZwCd0p8AZBs5kWpZlbkXW2nE/zjUa+Q==}
    peerDependencies:
      redux: ^4
    dependencies:
      redux: 4.2.0
    dev: false

  /redux/4.2.0:
    resolution: {integrity: sha512-oSBmcKKIuIR4ME29/AeNUnl5L+hvBq7OaJWzaptTQJAntaPvxIJqfnjbaEiCzzaIz+XmVILfqAM3Ob0aXLPfjA==}
    dependencies:
      '@babel/runtime': 7.18.6
    dev: false

  /regenerator-runtime/0.13.9:
    resolution: {integrity: sha512-p3VT+cOEgxFsRRA9X4lkI1E+k2/CtnKtU4gcxyaCUreilL/vqI6CdZ3wxVUx3UOUg+gnUOQQcRI7BmSI656MYA==}
    dev: false

  /reselect/4.1.6:
    resolution: {integrity: sha512-ZovIuXqto7elwnxyXbBtCPo9YFEr3uJqj2rRbcOOog1bmu2Ag85M4hixSwFWyaBMKXNgvPaJ9OSu9SkBPIeJHQ==}
    dev: false
